
Microsoft Visual Studio Solution File, Format Version 12.00
# Visual Studio Version 16
VisualStudioVersion = 16.0.30011.22
MinimumVisualStudioVersion = 10.0.40219.1
Project("{FAE04EC0-301F-11D3-BF4B-00C04F79EFBC}") = "ThucHanh1", "ThucHanh1\ThucHanh1.csproj", "{CE1F0812-1755-45A3-AF85-E53E2DE6BEAA}"
EndProject
Global
	GlobalSection(SolutionConfigurationPlatforms) = preSolution
		Debug|Any CPU = Debug|Any CPU
		Release|Any CPU = Release|Any CPU
	EndGlobalSection
	GlobalSection(ProjectConfigurationPlatforms) = postSolution
		{CE1F0812-1755-45A3-AF85-E53E2DE6BEAA}.Debug|Any CPU.ActiveCfg = Debug|Any CPU
		{CE1F0812-1755-45A3-AF85-E53E2DE6BEAA}.Debug|Any CPU.Build.0 = Debug|Any CPU
		{CE1F0812-1755-45A3-AF85-E53E2DE6BEAA}.Release|Any CPU.ActiveCfg = Release|Any CPU
		{CE1F0812-1755-45A3-AF85-E53E2DE6BEAA}.Release|Any CPU.Build.0 = Release|Any CPU
	EndGlobalSection
	GlobalSection(SolutionProperties) = preSolution
		HideSolutionNode = FALSE
	EndGlobalSection
	GlobalSection(ExtensibilityGlobals) = postSolution
		SolutionGuid = {A6C63EA6-6DB7-43CE-BD20-D6865697F742}
	EndGlobalSection
EndGlobal
